
Microsoft Visual Studio Solution File, Format Version 12.00
# Visual Studio Version 17
VisualStudioVersion = 17.14.36623.8 d17.14
MinimumVisualStudioVersion = 10.0.40219.1
Project("{FAE04EC0-301F-11D3-BF4B-00C04F79EFBC}") = "Product", "Product.csproj", "{9860ADA1-96C2-4ACC-80F8-74C88BA4734D}"
EndProject
Global
	GlobalSection(SolutionConfigurationPlatforms) = preSolution
		Debug|Any CPU = Debug|Any CPU
		Release|Any CPU = Release|Any CPU
	EndGlobalSection
	GlobalSection(ProjectConfigurationPlatforms) = postSolution
		{9860ADA1-96C2-4ACC-80F8-74C88BA4734D}.Debug|Any CPU.ActiveCfg = Debug|Any CPU
		{9860ADA1-96C2-4ACC-80F8-74C88BA4734D}.Debug|Any CPU.Build.0 = Debug|Any CPU
		{9860ADA1-96C2-4ACC-80F8-74C88BA4734D}.Release|Any CPU.ActiveCfg = Release|Any CPU
		{9860ADA1-96C2-4ACC-80F8-74C88BA4734D}.Release|Any CPU.Build.0 = Release|Any CPU
	EndGlobalSection
	GlobalSection(SolutionProperties) = preSolution
		HideSolutionNode = FALSE
	EndGlobalSection
	GlobalSection(ExtensibilityGlobals) = postSolution
		SolutionGuid = {FF0E41F5-A473-4DD1-886F-3944EF748D86}
	EndGlobalSection
EndGlobal
